
Microsoft Visual Studio Solution File, Format Version 12.00
# Visual Studio Version 17
VisualStudioVersion = 17.7.34024.191
MinimumVisualStudioVersion = 10.0.40219.1
Project("{FAE04EC0-301F-11D3-BF4B-00C04F79EFBC}") = "API", "API\API.csproj", "{CEBBE741-D56E-4944-BE0E-38E8E8DCB9FF}"
EndProject
Project("{FAE04EC0-301F-11D3-BF4B-00C04F79EFBC}") = "Domain", "Domain\Domain.csproj", "{8389E731-DF51-4547-93A9-295EDA2D594D}"
EndProject
Project("{FAE04EC0-301F-11D3-BF4B-00C04F79EFBC}") = "Data", "Data\Data.csproj", "{465604CD-5188-4CB7-A690-02A1756995CE}"
EndProject
Project("{FAE04EC0-301F-11D3-BF4B-00C04F79EFBC}") = "Services", "Services\Services.csproj", "{8B9A7194-017B-4C01-B825-126DB4781B34}"
EndProject
Project("{FAE04EC0-301F-11D3-BF4B-00C04F79EFBC}") = "CrossCutting", "CrossCutting\CrossCutting.csproj", "{A4BAD05A-9CC5-4482-9D25-ADCE2F58C22B}"
EndProject
Global
	GlobalSection(SolutionConfigurationPlatforms) = preSolution
		Debug|Any CPU = Debug|Any CPU
		Release|Any CPU = Release|Any CPU
	EndGlobalSection
	GlobalSection(ProjectConfigurationPlatforms) = postSolution
		{CEBBE741-D56E-4944-BE0E-38E8E8DCB9FF}.Debug|Any CPU.ActiveCfg = Debug|Any CPU
		{CEBBE741-D56E-4944-BE0E-38E8E8DCB9FF}.Debug|Any CPU.Build.0 = Debug|Any CPU
		{CEBBE741-D56E-4944-BE0E-38E8E8DCB9FF}.Release|Any CPU.ActiveCfg = Release|Any CPU
		{CEBBE741-D56E-4944-BE0E-38E8E8DCB9FF}.Release|Any CPU.Build.0 = Release|Any CPU
		{8389E731-DF51-4547-93A9-295EDA2D594D}.Debug|Any CPU.ActiveCfg = Debug|Any CPU
		{8389E731-DF51-4547-93A9-295EDA2D594D}.Debug|Any CPU.Build.0 = Debug|Any CPU
		{8389E731-DF51-4547-93A9-295EDA2D594D}.Release|Any CPU.ActiveCfg = Release|Any CPU
		{8389E731-DF51-4547-93A9-295EDA2D594D}.Release|Any CPU.Build.0 = Release|Any CPU
		{465604CD-5188-4CB7-A690-02A1756995CE}.Debug|Any CPU.ActiveCfg = Debug|Any CPU
		{465604CD-5188-4CB7-A690-02A1756995CE}.Debug|Any CPU.Build.0 = Debug|Any CPU
		{465604CD-5188-4CB7-A690-02A1756995CE}.Release|Any CPU.ActiveCfg = Release|Any CPU
		{465604CD-5188-4CB7-A690-02A1756995CE}.Release|Any CPU.Build.0 = Release|Any CPU
		{8B9A7194-017B-4C01-B825-126DB4781B34}.Debug|Any CPU.ActiveCfg = Debug|Any CPU
		{8B9A7194-017B-4C01-B825-126DB4781B34}.Debug|Any CPU.Build.0 = Debug|Any CPU
		{8B9A7194-017B-4C01-B825-126DB4781B34}.Release|Any CPU.ActiveCfg = Release|Any CPU
		{8B9A7194-017B-4C01-B825-126DB4781B34}.Release|Any CPU.Build.0 = Release|Any CPU
		{A4BAD05A-9CC5-4482-9D25-ADCE2F58C22B}.Debug|Any CPU.ActiveCfg = Debug|Any CPU
		{A4BAD05A-9CC5-4482-9D25-ADCE2F58C22B}.Debug|Any CPU.Build.0 = Debug|Any CPU
		{A4BAD05A-9CC5-4482-9D25-ADCE2F58C22B}.Release|Any CPU.ActiveCfg = Release|Any CPU
		{A4BAD05A-9CC5-4482-9D25-ADCE2F58C22B}.Release|Any CPU.Build.0 = Release|Any CPU
	EndGlobalSection
	GlobalSection(SolutionProperties) = preSolution
		HideSolutionNode = FALSE
	EndGlobalSection
	GlobalSection(ExtensibilityGlobals) = postSolution
		SolutionGuid = {81015F6E-B759-4BB7-A1E9-A6AA653C603A}
	EndGlobalSection
EndGlobal
